
Microsoft Visual Studio Solution File, Format Version 12.00
# Visual Studio 15
VisualStudioVersion = 15.0.28307.779
MinimumVisualStudioVersion = 10.0.40219.1
Project("{FAE04EC0-301F-11D3-BF4B-00C04F79EFBC}") = "BonusRestaurantService", "BonusRestaurantService\BonusRestaurantService.csproj", "{4BFF1E38-AAA8-4249-BAD8-04317178D770}"
EndProject
Project("{FAE04EC0-301F-11D3-BF4B-00C04F79EFBC}") = "BonusRestaurantDashboard", "BonusRestaurantDashboard\BonusRestaurantDashboard.csproj", "{7275A350-7E72-4156-815B-7C81DAC29C44}"
	ProjectSection(ProjectDependencies) = postProject
		{4BFF1E38-AAA8-4249-BAD8-04317178D770} = {4BFF1E38-AAA8-4249-BAD8-04317178D770}
	EndProjectSection
EndProject
Global
	GlobalSection(SolutionConfigurationPlatforms) = preSolution
		Debug|Any CPU = Debug|Any CPU
		Release|Any CPU = Release|Any CPU
	EndGlobalSection
	GlobalSection(ProjectConfigurationPlatforms) = postSolution
		{4BFF1E38-AAA8-4249-BAD8-04317178D770}.Debug|Any CPU.ActiveCfg = Debug|Any CPU
		{4BFF1E38-AAA8-4249-BAD8-04317178D770}.Debug|Any CPU.Build.0 = Debug|Any CPU
		{4BFF1E38-AAA8-4249-BAD8-04317178D770}.Release|Any CPU.ActiveCfg = Release|Any CPU
		{4BFF1E38-AAA8-4249-BAD8-04317178D770}.Release|Any CPU.Build.0 = Release|Any CPU
		{7275A350-7E72-4156-815B-7C81DAC29C44}.Debug|Any CPU.ActiveCfg = Debug|Any CPU
		{7275A350-7E72-4156-815B-7C81DAC29C44}.Debug|Any CPU.Build.0 = Debug|Any CPU
		{7275A350-7E72-4156-815B-7C81DAC29C44}.Release|Any CPU.ActiveCfg = Release|Any CPU
		{7275A350-7E72-4156-815B-7C81DAC29C44}.Release|Any CPU.Build.0 = Release|Any CPU
	EndGlobalSection
	GlobalSection(SolutionProperties) = preSolution
		HideSolutionNode = FALSE
	EndGlobalSection
	GlobalSection(ExtensibilityGlobals) = postSolution
		SolutionGuid = {B31CBC1C-6431-4346-8340-9479679768DA}
	EndGlobalSection
EndGlobal
